{
  "name": "react-native-keyboard-input",
  "version": "5.0.0",
  "lockfileVersion": 1,
  "requires": true,
  "dependencies": {
    "react-native-keyboard-tracking-view": {
      "version": "git+https://github.com/RocketChat/react-native-keyboard-tracking-view.git#3a4084f0a1063e23ae6435facdf1f79152558d15"
    }
  }
}
